// !$*UTF8*$!
{
	archiveVersion = 1;
	classes = {
	};
	objectVersion = 46;
	objects = {

/* Begin PBXBuildFile section */
		AB449A451A6D1CE20016348D /* Earth.jpg in Resources */ = {isa = PBXBuildFile; fileRef = AB449A3B1A6D1CE20016348D /* Earth.jpg */; };
		AB449A461A6D1CE20016348D /* EinsteinRing.jpg in Resources */ = {isa = PBXBuildFile; fileRef = AB449A3C1A6D1CE20016348D /* EinsteinRing.jpg */; };
		AB449A471A6D1CE20016348D /* Jupiter.jpg in Resources */ = {isa = PBXBuildFile; fileRef = AB449A3D1A6D1CE20016348D /* Jupiter.jpg */; };
		AB449A481A6D1CE20016348D /* Mars.jpg in Resources */ = {isa = PBXBuildFile; fileRef = AB449A3E1A6D1CE20016348D /* Mars.jpg */; };
		AB449A491A6D1CE20016348D /* Mercury.jpg in Resources */ = {isa = PBXBuildFile; fileRef = AB449A3F1A6D1CE20016348D /* Mercury.jpg */; };
		AB449A4A1A6D1CE20016348D /* Neptune.jpg in Resources */ = {isa = PBXBuildFile; fileRef = AB449A401A6D1CE20016348D /* Neptune.jpg */; };
		AB449A4B1A6D1CE20016348D /* Orion.jpg in Resources */ = {isa = PBXBuildFile; fileRef = AB449A411A6D1CE20016348D /* Orion.jpg */; };
		AB449A4C1A6D1CE20016348D /* Saturn.jpg in Resources */ = {isa = PBXBuildFile; fileRef = AB449A421A6D1CE20016348D /* Saturn.jpg */; };
		AB449A4D1A6D1CE20016348D /* Uranus.jpg in Resources */ = {isa = PBXBuildFile; fileRef = AB449A431A6D1CE20016348D /* Uranus.jpg */; };
		AB449A4E1A6D1CE20016348D /* Venus.jpg in Resources */ = {isa = PBXBuildFile; fileRef = AB449A441A6D1CE20016348D /* Venus.jpg */; };
		AB449A511A6D1D1D0016348D /* VjOWSpaceObjects.m in Sources */ = {isa = PBXBuildFile; fileRef = AB449A501A6D1D1D0016348D /* VjOWSpaceObjects.m */; };
		ABA0B40E1A66928700998457 /* main.m in Sources */ = {isa = PBXBuildFile; fileRef = ABA0B40D1A66928700998457 /* main.m */; };
		ABA0B4111A66928700998457 /* AppDelegate.m in Sources */ = {isa = PBXBuildFile; fileRef = ABA0B4101A66928700998457 /* AppDelegate.m */; };
		ABA0B4171A66928700998457 /* Main.storyboard in Resources */ = {isa = PBXBuildFile; fileRef = ABA0B4151A66928700998457 /* Main.storyboard */; };
		ABA0B4191A66928700998457 /* Images.xcassets in Resources */ = {isa = PBXBuildFile; fileRef = ABA0B4181A66928700998457 /* Images.xcassets */; };
		ABA0B41C1A66928700998457 /* LaunchScreen.xib in Resources */ = {isa = PBXBuildFile; fileRef = ABA0B41A1A66928700998457 /* LaunchScreen.xib */; };
		ABA0B4281A66928800998457 /* OutOfThisWorldTests.m in Sources */ = {isa = PBXBuildFile; fileRef = ABA0B4271A66928800998457 /* OutOfThisWorldTests.m */; };
		ABA0B43A1A6694E500998457 /* VjOWUITableViewController.m in Sources */ = {isa = PBXBuildFile; fileRef = ABA0B4391A6694E500998457 /* VjOWUITableViewController.m */; };
		ABA0B43D1A67A0A400998457 /* AstronomicalData.m in Sources */ = {isa = PBXBuildFile; fileRef = ABA0B43C1A67A0A400998457 /* AstronomicalData.m */; };
/* End PBXBuildFile section */

/* Begin PBXContainerItemProxy section */
		ABA0B4221A66928700998457 /* PBXContainerItemProxy */ = {
			isa = PBXContainerItemProxy;
			containerPortal = ABA0B4001A66928700998457 /* Project object */;
			proxyType = 1;
			remoteGlobalIDString = ABA0B4071A66928700998457;
			remoteInfo = OutOfThisWorld;
		};
/* End PBXContainerItemProxy section */

/* Begin PBXFileReference section */
		AB449A3B1A6D1CE20016348D /* Earth.jpg */ = {isa = PBXFileReference; lastKnownFileType = image.jpeg; path = Earth.jpg; sourceTree = "<group>"; };
		AB449A3C1A6D1CE20016348D /* EinsteinRing.jpg */ = {isa = PBXFileReference; lastKnownFileType = image.jpeg; path = EinsteinRing.jpg; sourceTree = "<group>"; };
		AB449A3D1A6D1CE20016348D /* Jupiter.jpg */ = {isa = PBXFileReference; lastKnownFileType = image.jpeg; path = Jupiter.jpg; sourceTree = "<group>"; };
		AB449A3E1A6D1CE20016348D /* Mars.jpg */ = {isa = PBXFileReference; lastKnownFileType = image.jpeg; path = Mars.jpg; sourceTree = "<group>"; };
		AB449A3F1A6D1CE20016348D /* Mercury.jpg */ = {isa = PBXFileReference; lastKnownFileType = image.jpeg; path = Mercury.jpg; sourceTree = "<group>"; };
		AB449A401A6D1CE20016348D /* Neptune.jpg */ = {isa = PBXFileReference; lastKnownFileType = image.jpeg; path = Neptune.jpg; sourceTree = "<group>"; };
		AB449A411A6D1CE20016348D /* Orion.jpg */ = {isa = PBXFileReference; lastKnownFileType = image.jpeg; path = Orion.jpg; sourceTree = "<group>"; };
		AB449A421A6D1CE20016348D /* Saturn.jpg */ = {isa = PBXFileReference; lastKnownFileType = image.jpeg; path = Saturn.jpg; sourceTree = "<group>"; };
		AB449A431A6D1CE20016348D /* Uranus.jpg */ = {isa = PBXFileReference; lastKnownFileType = image.jpeg; path = Uranus.jpg; sourceTree = "<group>"; };
		AB449A441A6D1CE20016348D /* Venus.jpg */ = {isa = PBXFileReference; lastKnownFileType = image.jpeg; path = Venus.jpg; sourceTree = "<group>"; };
		AB449A4F1A6D1D1D0016348D /* VjOWSpaceObjects.h */ = {isa = PBXFileReference; fileEncoding = 4; lastKnownFileType = sourcecode.c.h; path = VjOWSpaceObjects.h; sourceTree = "<group>"; };
		AB449A501A6D1D1D0016348D /* VjOWSpaceObjects.m */ = {isa = PBXFileReference; fileEncoding = 4; lastKnownFileType = sourcecode.c.objc; path = VjOWSpaceObjects.m; sourceTree = "<group>"; };
		ABA0B4081A66928700998457 /* OutOfThisWorld.app */ = {isa = PBXFileReference; explicitFileType = wrapper.application; includeInIndex = 0; path = OutOfThisWorld.app; sourceTree = BUILT_PRODUCTS_DIR; };
		ABA0B40C1A66928700998457 /* Info.plist */ = {isa = PBXFileReference; lastKnownFileType = text.plist.xml; path = Info.plist; sourceTree = "<group>"; };
		ABA0B40D1A66928700998457 /* main.m */ = {isa = PBXFileReference; lastKnownFileType = sourcecode.c.objc; path = main.m; sourceTree = "<group>"; };
		ABA0B40F1A66928700998457 /* AppDelegate.h */ = {isa = PBXFileReference; lastKnownFileType = sourcecode.c.h; path = AppDelegate.h; sourceTree = "<group>"; };
		ABA0B4101A66928700998457 /* AppDelegate.m */ = {isa = PBXFileReference; lastKnownFileType = sourcecode.c.objc; path = AppDelegate.m; sourceTree = "<group>"; };
		ABA0B4161A66928700998457 /* Base */ = {isa = PBXFileReference; lastKnownFileType = file.storyboard; name = Base; path = Base.lproj/Main.storyboard; sourceTree = "<group>"; };
		ABA0B4181A66928700998457 /* Images.xcassets */ = {isa = PBXFileReference; lastKnownFileType = folder.assetcatalog; path = Images.xcassets; sourceTree = "<group>"; };
		ABA0B41B1A66928700998457 /* Base */ = {isa = PBXFileReference; lastKnownFileType = file.xib; name = Base; path = Base.lproj/LaunchScreen.xib; sourceTree = "<group>"; };
		ABA0B4211A66928700998457 /* OutOfThisWorldTests.xctest */ = {isa = PBXFileReference; explicitFileType = wrapper.cfbundle; includeInIndex = 0; path = OutOfThisWorldTests.xctest; sourceTree = BUILT_PRODUCTS_DIR; };
		ABA0B4261A66928800998457 /* Info.plist */ = {isa = PBXFileReference; lastKnownFileType = text.plist.xml; path = Info.plist; sourceTree = "<group>"; };
		ABA0B4271A66928800998457 /* OutOfThisWorldTests.m */ = {isa = PBXFileReference; lastKnownFileType = sourcecode.c.objc; path = OutOfThisWorldTests.m; sourceTree = "<group>"; };
		ABA0B4381A6694E500998457 /* VjOWUITableViewController.h */ = {isa = PBXFileReference; fileEncoding = 4; lastKnownFileType = sourcecode.c.h; path = VjOWUITableViewController.h; sourceTree = "<group>"; };
		ABA0B4391A6694E500998457 /* VjOWUITableViewController.m */ = {isa = PBXFileReference; fileEncoding = 4; lastKnownFileType = sourcecode.c.objc; path = VjOWUITableViewController.m; sourceTree = "<group>"; };
		ABA0B43B1A67A0A400998457 /* AstronomicalData.h */ = {isa = PBXFileReference; fileEncoding = 4; lastKnownFileType = sourcecode.c.h; path = AstronomicalData.h; sourceTree = "<group>"; };
		ABA0B43C1A67A0A400998457 /* AstronomicalData.m */ = {isa = PBXFileReference; fileEncoding = 4; lastKnownFileType = sourcecode.c.objc; path = AstronomicalData.m; sourceTree = "<group>"; };
/* End PBXFileReference section */

/* Begin PBXFrameworksBuildPhase section */
		ABA0B4051A66928700998457 /* Frameworks */ = {
			isa = PBXFrameworksBuildPhase;
			buildActionMask = 2147483647;
			files = (
			);
			runOnlyForDeploymentPostprocessing = 0;
		};
		ABA0B41E1A66928700998457 /* Frameworks */ = {
			isa = PBXFrameworksBuildPhase;
			buildActionMask = 2147483647;
			files = (
			);
			runOnlyForDeploymentPostprocessing = 0;
		};
/* End PBXFrameworksBuildPhase section */

/* Begin PBXGroup section */
		AB449A521A6D1D690016348D /* Model */ = {
			isa = PBXGroup;
			children = (
				AB449A4F1A6D1D1D0016348D /* VjOWSpaceObjects.h */,
				AB449A501A6D1D1D0016348D /* VjOWSpaceObjects.m */,
			);
			name = Model;
			sourceTree = "<group>";
		};
		ABA0B3FF1A66928700998457 = {
			isa = PBXGroup;
			children = (
				ABA0B40A1A66928700998457 /* OutOfThisWorld */,
				ABA0B4241A66928800998457 /* OutOfThisWorldTests */,
				ABA0B4091A66928700998457 /* Products */,
			);
			sourceTree = "<group>";
		};
		ABA0B4091A66928700998457 /* Products */ = {
			isa = PBXGroup;
			children = (
				ABA0B4081A66928700998457 /* OutOfThisWorld.app */,
				ABA0B4211A66928700998457 /* OutOfThisWorldTests.xctest */,
			);
			name = Products;
			sourceTree = "<group>";
		};
		ABA0B40A1A66928700998457 /* OutOfThisWorld */ = {
			isa = PBXGroup;
			children = (
				ABA0B4341A66938500998457 /* ViewController */,
				ABA0B40F1A66928700998457 /* AppDelegate.h */,
				ABA0B4101A66928700998457 /* AppDelegate.m */,
				ABA0B4151A66928700998457 /* Main.storyboard */,
				ABA0B4181A66928700998457 /* Images.xcassets */,
				ABA0B41A1A66928700998457 /* LaunchScreen.xib */,
				AB449A521A6D1D690016348D /* Model */,
				ABA0B40B1A66928700998457 /* Supporting Files */,
			);
			path = OutOfThisWorld;
			sourceTree = "<group>";
		};
		ABA0B40B1A66928700998457 /* Supporting Files */ = {
			isa = PBXGroup;
			children = (
				AB449A3B1A6D1CE20016348D /* Earth.jpg */,
				AB449A3C1A6D1CE20016348D /* EinsteinRing.jpg */,
				AB449A3D1A6D1CE20016348D /* Jupiter.jpg */,
				AB449A3E1A6D1CE20016348D /* Mars.jpg */,
				AB449A3F1A6D1CE20016348D /* Mercury.jpg */,
				AB449A401A6D1CE20016348D /* Neptune.jpg */,
				AB449A411A6D1CE20016348D /* Orion.jpg */,
				AB449A421A6D1CE20016348D /* Saturn.jpg */,
				AB449A431A6D1CE20016348D /* Uranus.jpg */,
				AB449A441A6D1CE20016348D /* Venus.jpg */,
				ABA0B43B1A67A0A400998457 /* AstronomicalData.h */,
				ABA0B43C1A67A0A400998457 /* AstronomicalData.m */,
				ABA0B40C1A66928700998457 /* Info.plist */,
				ABA0B40D1A66928700998457 /* main.m */,
			);
			name = "Supporting Files";
			sourceTree = "<group>";
		};
		ABA0B4241A66928800998457 /* OutOfThisWorldTests */ = {
			isa = PBXGroup;
			children = (
				ABA0B4271A66928800998457 /* OutOfThisWorldTests.m */,
				ABA0B4251A66928800998457 /* Supporting Files */,
			);
			path = OutOfThisWorldTests;
			sourceTree = "<group>";
		};
		ABA0B4251A66928800998457 /* Supporting Files */ = {
			isa = PBXGroup;
			children = (
				ABA0B4261A66928800998457 /* Info.plist */,
			);
			name = "Supporting Files";
			sourceTree = "<group>";
		};
		ABA0B4341A66938500998457 /* ViewController */ = {
			isa = PBXGroup;
			children = (
				ABA0B4381A6694E500998457 /* VjOWUITableViewController.h */,
				ABA0B4391A6694E500998457 /* VjOWUITableViewController.m */,
			);
			name = ViewController;
			sourceTree = "<group>";
		};
/* End PBXGroup section */

/* Begin PBXNativeTarget section */
		ABA0B4071A66928700998457 /* OutOfThisWorld */ = {
			isa = PBXNativeTarget;
			buildConfigurationList = ABA0B42B1A66928800998457 /* Build configuration list for PBXNativeTarget "OutOfThisWorld" */;
			buildPhases = (
				ABA0B4041A66928700998457 /* Sources */,
				ABA0B4051A66928700998457 /* Frameworks */,
				ABA0B4061A66928700998457 /* Resources */,
			);
			buildRules = (
			);
			dependencies = (
			);
			name = OutOfThisWorld;
			productName = OutOfThisWorld;
			productReference = ABA0B4081A66928700998457 /* OutOfThisWorld.app */;
			productType = "com.apple.product-type.application";
		};
		ABA0B4201A66928700998457 /* OutOfThisWorldTests */ = {
			isa = PBXNativeTarget;
			buildConfigurationList = ABA0B42E1A66928800998457 /* Build configuration list for PBXNativeTarget "OutOfThisWorldTests" */;
			buildPhases = (
				ABA0B41D1A66928700998457 /* Sources */,
				ABA0B41E1A66928700998457 /* Frameworks */,
				ABA0B41F1A66928700998457 /* Resources */,
			);
			buildRules = (
			);
			dependencies = (
				ABA0B4231A66928700998457 /* PBXTargetDependency */,
			);
			name = OutOfThisWorldTests;
			productName = OutOfThisWorldTests;
			productReference = ABA0B4211A66928700998457 /* OutOfThisWorldTests.xctest */;
			productType = "com.apple.product-type.bundle.unit-test";
		};
/* End PBXNativeTarget section */

/* Begin PBXProject section */
		ABA0B4001A66928700998457 /* Project object */ = {
			isa = PBXProject;
			attributes = {
				LastUpgradeCheck = 0610;
				ORGANIZATIONNAME = Vj;
				TargetAttributes = {
					ABA0B4071A66928700998457 = {
						CreatedOnToolsVersion = 6.1.1;
					};
					ABA0B4201A66928700998457 = {
						CreatedOnToolsVersion = 6.1.1;
						TestTargetID = ABA0B4071A66928700998457;
					};
				};
			};
			buildConfigurationList = ABA0B4031A66928700998457 /* Build configuration list for PBXProject "OutOfThisWorld" */;
			compatibilityVersion = "Xcode 3.2";
			developmentRegion = English;
			hasScannedForEncodings = 0;
			knownRegions = (
				en,
				Base,
			);
			mainGroup = ABA0B3FF1A66928700998457;
			productRefGroup = ABA0B4091A66928700998457 /* Products */;
			projectDirPath = "";
			projectRoot = "";
			targets = (
				ABA0B4071A66928700998457 /* OutOfThisWorld */,
				ABA0B4201A66928700998457 /* OutOfThisWorldTests */,
			);
		};
/* End PBXProject section */

/* Begin PBXResourcesBuildPhase section */
		ABA0B4061A66928700998457 /* Resources */ = {
			isa = PBXResourcesBuildPhase;
			buildActionMask = 2147483647;
			files = (
				AB449A451A6D1CE20016348D /* Earth.jpg in Resources */,
				AB449A4E1A6D1CE20016348D /* Venus.jpg in Resources */,
				AB449A491A6D1CE20016348D /* Mercury.jpg in Resources */,
				AB449A4C1A6D1CE20016348D /* Saturn.jpg in Resources */,
				AB449A4D1A6D1CE20016348D /* Uranus.jpg in Resources */,
				ABA0B4171A66928700998457 /* Main.storyboard in Resources */,
				AB449A4A1A6D1CE20016348D /* Neptune.jpg in Resources */,
				AB449A481A6D1CE20016348D /* Mars.jpg in Resources */,
				ABA0B41C1A66928700998457 /* LaunchScreen.xib in Resources */,
				ABA0B4191A66928700998457 /* Images.xcassets in Resources */,
				AB449A461A6D1CE20016348D /* EinsteinRing.jpg in Resources */,
				AB449A471A6D1CE20016348D /* Jupiter.jpg in Resources */,
				AB449A4B1A6D1CE20016348D /* Orion.jpg in Resources */,
			);
			runOnlyForDeploymentPostprocessing = 0;
		};
		ABA0B41F1A66928700998457 /* Resources */ = {
			isa = PBXResourcesBuildPhase;
			buildActionMask = 2147483647;
			files = (
			);
			runOnlyForDeploymentPostprocessing = 0;
		};
/* End PBXResourcesBuildPhase section */

/* Begin PBXSourcesBuildPhase section */
		ABA0B4041A66928700998457 /* Sources */ = {
			isa = PBXSourcesBuildPhase;
			buildActionMask = 2147483647;
			files = (
				ABA0B4111A66928700998457 /* AppDelegate.m in Sources */,
				AB449A511A6D1D1D0016348D /* VjOWSpaceObjects.m in Sources */,
				ABA0B43A1A6694E500998457 /* VjOWUITableViewController.m in Sources */,
				ABA0B40E1A66928700998457 /* main.m in Sources */,
				ABA0B43D1A67A0A400998457 /* AstronomicalData.m in Sources */,
			);
			runOnlyForDeploymentPostprocessing = 0;
		};
		ABA0B41D1A66928700998457 /* Sources */ = {
			isa = PBXSourcesBuildPhase;
			buildActionMask = 2147483647;
			files = (
				ABA0B4281A66928800998457 /* OutOfThisWorldTests.m in Sources */,
			);
			runOnlyForDeploymentPostprocessing = 0;
		};
/* End PBXSourcesBuildPhase section */

/* Begin PBXTargetDependency section */
		ABA0B4231A66928700998457 /* PBXTargetDependency */ = {
			isa = PBXTargetDependency;
			target = ABA0B4071A66928700998457 /* OutOfThisWorld */;
			targetProxy = ABA0B4221A66928700998457 /* PBXContainerItemProxy */;
		};
/* End PBXTargetDependency section */

/* Begin PBXVariantGroup section */
		ABA0B4151A66928700998457 /* Main.storyboard */ = {
			isa = PBXVariantGroup;
			children = (
				ABA0B4161A66928700998457 /* Base */,
			);
			name = Main.storyboard;
			sourceTree = "<group>";
		};
		ABA0B41A1A66928700998457 /* LaunchScreen.xib */ = {
			isa = PBXVariantGroup;
			children = (
				ABA0B41B1A66928700998457 /* Base */,
			);
			name = LaunchScreen.xib;
			sourceTree = "<group>";
		};
/* End PBXVariantGroup section */

/* Begin XCBuildConfiguration section */
		ABA0B4291A66928800998457 /* Debug */ = {
			isa = XCBuildConfiguration;
			buildSettings = {
				ALWAYS_SEARCH_USER_PATHS = NO;
				CLANG_CXX_LANGUAGE_STANDARD = "gnu++0x";
				CLANG_CXX_LIBRARY = "libc++";
				CLANG_ENABLE_MODULES = YES;
				CLANG_ENABLE_OBJC_ARC = YES;
				CLANG_WARN_BOOL_CONVERSION = YES;
				CLANG_WARN_CONSTANT_CONVERSION = YES;
				CLANG_WARN_DIRECT_OBJC_ISA_USAGE = YES_ERROR;
				CLANG_WARN_EMPTY_BODY = YES;
				CLANG_WARN_ENUM_CONVERSION = YES;
				CLANG_WARN_INT_CONVERSION = YES;
				CLANG_WARN_OBJC_ROOT_CLASS = YES_ERROR;
				CLANG_WARN_UNREACHABLE_CODE = YES;
				CLANG_WARN__DUPLICATE_METHOD_MATCH = YES;
				"CODE_SIGN_IDENTITY[sdk=iphoneos*]" = "iPhone Developer";
				COPY_PHASE_STRIP = NO;
				ENABLE_STRICT_OBJC_MSGSEND = YES;
				GCC_C_LANGUAGE_STANDARD = gnu99;
				GCC_DYNAMIC_NO_PIC = NO;
				GCC_OPTIMIZATION_LEVEL = 0;
				GCC_PREPROCESSOR_DEFINITIONS = (
					"DEBUG=1",
					"$(inherited)",
				);
				GCC_SYMBOLS_PRIVATE_EXTERN = NO;
				GCC_WARN_64_TO_32_BIT_CONVERSION = YES;
				GCC_WARN_ABOUT_RETURN_TYPE = YES_ERROR;
				GCC_WARN_UNDECLARED_SELECTOR = YES;
				GCC_WARN_UNINITIALIZED_AUTOS = YES_AGGRESSIVE;
				GCC_WARN_UNUSED_FUNCTION = YES;
				GCC_WARN_UNUSED_VARIABLE = YES;
				IPHONEOS_DEPLOYMENT_TARGET = 8.1;
				MTL_ENABLE_DEBUG_INFO = YES;
				ONLY_ACTIVE_ARCH = YES;
				SDKROOT = iphoneos;
			};
			name = Debug;
		};
		ABA0B42A1A66928800998457 /* Release */ = {
			isa = XCBuildConfiguration;
			buildSettings = {
				ALWAYS_SEARCH_USER_PATHS = NO;
				CLANG_CXX_LANGUAGE_STANDARD = "gnu++0x";
				CLANG_CXX_LIBRARY = "libc++";
				CLANG_ENABLE_MODULES = YES;
				CLANG_ENABLE_OBJC_ARC = YES;
				CLANG_WARN_BOOL_CONVERSION = YES;
				CLANG_WARN_CONSTANT_CONVERSION = YES;
				CLANG_WARN_DIRECT_OBJC_ISA_USAGE = YES_ERROR;
				CLANG_WARN_EMPTY_BODY = YES;
				CLANG_WARN_ENUM_CONVERSION = YES;
				CLANG_WARN_INT_CONVERSION = YES;
				CLANG_WARN_OBJC_ROOT_CLASS = YES_ERROR;
				CLANG_WARN_UNREACHABLE_CODE = YES;
				CLANG_WARN__DUPLICATE_METHOD_MATCH = YES;
				"CODE_SIGN_IDENTITY[sdk=iphoneos*]" = "iPhone Developer";
				COPY_PHASE_STRIP = YES;
				ENABLE_NS_ASSERTIONS = NO;
				ENABLE_STRICT_OBJC_MSGSEND = YES;
				GCC_C_LANGUAGE_STANDARD = gnu99;
				GCC_WARN_64_TO_32_BIT_CONVERSION = YES;
				GCC_WARN_ABOUT_RETURN_TYPE = YES_ERROR;
				GCC_WARN_UNDECLARED_SELECTOR = YES;
				GCC_WARN_UNINITIALIZED_AUTOS = YES_AGGRESSIVE;
				GCC_WARN_UNUSED_FUNCTION = YES;
				GCC_WARN_UNUSED_VARIABLE = YES;
				IPHONEOS_DEPLOYMENT_TARGET = 8.1;
				MTL_ENABLE_DEBUG_INFO = NO;
				SDKROOT = iphoneos;
				VALIDATE_PRODUCT = YES;
			};
			name = Release;
		};
		ABA0B42C1A66928800998457 /* Debug */ = {
			isa = XCBuildConfiguration;
			buildSettings = {
				ASSETCATALOG_COMPILER_APPICON_NAME = AppIcon;
				INFOPLIST_FILE = OutOfThisWorld/Info.plist;
				LD_RUNPATH_SEARCH_PATHS = "$(inherited) @executable_path/Frameworks";
				PRODUCT_NAME = "$(TARGET_NAME)";
			};
			name = Debug;
		};
		ABA0B42D1A66928800998457 /* Release */ = {
			isa = XCBuildConfiguration;
			buildSettings = {
				ASSETCATALOG_COMPILER_APPICON_NAME = AppIcon;
				INFOPLIST_FILE = OutOfThisWorld/Info.plist;
				LD_RUNPATH_SEARCH_PATHS = "$(inherited) @executable_path/Frameworks";
				PRODUCT_NAME = "$(TARGET_NAME)";
			};
			name = Release;
		};
		ABA0B42F1A66928800998457 /* Debug */ = {
			isa = XCBuildConfiguration;
			buildSettings = {
				BUNDLE_LOADER = "$(TEST_HOST)";
				FRAMEWORK_SEARCH_PATHS = (
					"$(SDKROOT)/Developer/Library/Frameworks",
					"$(inherited)",
				);
				GCC_PREPROCESSOR_DEFINITIONS = (
					"DEBUG=1",
					"$(inherited)",
				);
				INFOPLIST_FILE = OutOfThisWorldTests/Info.plist;
				LD_RUNPATH_SEARCH_PATHS = "$(inherited) @executable_path/Frameworks @loader_path/Frameworks";
				PRODUCT_NAME = "$(TARGET_NAME)";
				TEST_HOST = "$(BUILT_PRODUCTS_DIR)/OutOfThisWorld.app/OutOfThisWorld";
			};
			name = Debug;
		};
		ABA0B4301A66928800998457 /* Release */ = {
			isa = XCBuildConfiguration;
			buildSettings = {
				BUNDLE_LOADER = "$(TEST_HOST)";
				FRAMEWORK_SEARCH_PATHS = (
					"$(SDKROOT)/Developer/Library/Frameworks",
					"$(inherited)",
				);
				INFOPLIST_FILE = OutOfThisWorldTests/Info.plist;
				LD_RUNPATH_SEARCH_PATHS = "$(inherited) @executable_path/Frameworks @loader_path/Frameworks";
				PRODUCT_NAME = "$(TARGET_NAME)";
				TEST_HOST = "$(BUILT_PRODUCTS_DIR)/OutOfThisWorld.app/OutOfThisWorld";
			};
			name = Release;
		};
/* End XCBuildConfiguration section */

/* Begin XCConfigurationList section */
		ABA0B4031A66928700998457 /* Build configuration list for PBXProject "OutOfThisWorld" */ = {
			isa = XCConfigurationList;
			buildConfigurations = (
				ABA0B4291A66928800998457 /* Debug */,
				ABA0B42A1A66928800998457 /* Release */,
			);
			defaultConfigurationIsVisible = 0;
			defaultConfigurationName = Release;
		};
		ABA0B42B1A66928800998457 /* Build configuration list for PBXNativeTarget "OutOfThisWorld" */ = {
			isa = XCConfigurationList;
			buildConfigurations = (
				ABA0B42C1A66928800998457 /* Debug */,
				ABA0B42D1A66928800998457 /* Release */,
			);
			defaultConfigurationIsVisible = 0;
			defaultConfigurationName = Release;
		};
		ABA0B42E1A66928800998457 /* Build configuration list for PBXNativeTarget "OutOfThisWorldTests" */ = {
			isa = XCConfigurationList;
			buildConfigurations = (
				ABA0B42F1A66928800998457 /* Debug */,
				ABA0B4301A66928800998457 /* Release */,
			);
			defaultConfigurationIsVisible = 0;
			defaultConfigurationName = Release;
		};
/* End XCConfigurationList section */
	};
	rootObject = ABA0B4001A66928700998457 /* Project object */;
}
